
Microsoft Visual Studio Solution File, Format Version 12.00
# Visual Studio Version 16
VisualStudioVersion = 16.0.33529.622
MinimumVisualStudioVersion = 10.0.40219.1
Project("{9A19103F-16F7-4668-BE54-9A1E7A4F7556}") = "Fam.Service.Host", "Fam.Service.Host\Fam.Service.Host.csproj", "{CF931F76-795A-4C64-ADF9-151CDBB3B095}"
EndProject
Project("{9A19103F-16F7-4668-BE54-9A1E7A4F7556}") = "Fam.Service.Domain", "Fam.Service.Domain\Fam.Service.Domain.csproj", "{F5AEA952-723F-4F11-991F-20A06F0CF160}"
EndProject
Project("{9A19103F-16F7-4668-BE54-9A1E7A4F7556}") = "Fam.Service.Infra.Data", "Fam.Service.Infra.Data\Fam.Service.Infra.Data.csproj", "{B2355BF3-0B30-46C9-8A2F-CEBF119BB94D}"
EndProject
Global
	GlobalSection(SolutionConfigurationPlatforms) = preSolution
		Debug|Any CPU = Debug|Any CPU
		Release|Any CPU = Release|Any CPU
	EndGlobalSection
	GlobalSection(ProjectConfigurationPlatforms) = postSolution
		{CF931F76-795A-4C64-ADF9-151CDBB3B095}.Debug|Any CPU.ActiveCfg = Debug|Any CPU
		{CF931F76-795A-4C64-ADF9-151CDBB3B095}.Debug|Any CPU.Build.0 = Debug|Any CPU
		{CF931F76-795A-4C64-ADF9-151CDBB3B095}.Release|Any CPU.ActiveCfg = Release|Any CPU
		{CF931F76-795A-4C64-ADF9-151CDBB3B095}.Release|Any CPU.Build.0 = Release|Any CPU
		{F5AEA952-723F-4F11-991F-20A06F0CF160}.Debug|Any CPU.ActiveCfg = Debug|Any CPU
		{F5AEA952-723F-4F11-991F-20A06F0CF160}.Debug|Any CPU.Build.0 = Debug|Any CPU
		{F5AEA952-723F-4F11-991F-20A06F0CF160}.Release|Any CPU.ActiveCfg = Release|Any CPU
		{F5AEA952-723F-4F11-991F-20A06F0CF160}.Release|Any CPU.Build.0 = Release|Any CPU
		{B2355BF3-0B30-46C9-8A2F-CEBF119BB94D}.Debug|Any CPU.ActiveCfg = Debug|Any CPU
		{B2355BF3-0B30-46C9-8A2F-CEBF119BB94D}.Debug|Any CPU.Build.0 = Debug|Any CPU
		{B2355BF3-0B30-46C9-8A2F-CEBF119BB94D}.Release|Any CPU.ActiveCfg = Release|Any CPU
		{B2355BF3-0B30-46C9-8A2F-CEBF119BB94D}.Release|Any CPU.Build.0 = Release|Any CPU
	EndGlobalSection
	GlobalSection(SolutionProperties) = preSolution
		HideSolutionNode = FALSE
	EndGlobalSection
	GlobalSection(ExtensibilityGlobals) = postSolution
		SolutionGuid = {06F5EA5B-1E7C-4897-8BAF-F404277EA80E}
	EndGlobalSection
EndGlobal
